
Microsoft Visual Studio Solution File, Format Version 12.00
# Visual Studio Version 17
VisualStudioVersion = 17.10.35004.147
MinimumVisualStudioVersion = 10.0.40219.1
Project("{FAE04EC0-301F-11D3-BF4B-00C04F79EFBC}") = "WexAssessmentApi", "WexAssessmentApi\WexAssessmentApi.csproj", "{6FF1C2CB-F990-4586-BF66-E3AC6A89D016}"
EndProject
Project("{FAE04EC0-301F-11D3-BF4B-00C04F79EFBC}") = "IdentityServer", "IdentityServer\IdentityServer.csproj", "{8EBB57C6-8F6A-4936-85B0-77DC95CBA322}"
EndProject
Global
	GlobalSection(SolutionConfigurationPlatforms) = preSolution
		Debug|Any CPU = Debug|Any CPU
		Release|Any CPU = Release|Any CPU
	EndGlobalSection
	GlobalSection(ProjectConfigurationPlatforms) = postSolution
		{6FF1C2CB-F990-4586-BF66-E3AC6A89D016}.Debug|Any CPU.ActiveCfg = Debug|Any CPU
		{6FF1C2CB-F990-4586-BF66-E3AC6A89D016}.Debug|Any CPU.Build.0 = Debug|Any CPU
		{6FF1C2CB-F990-4586-BF66-E3AC6A89D016}.Release|Any CPU.ActiveCfg = Release|Any CPU
		{6FF1C2CB-F990-4586-BF66-E3AC6A89D016}.Release|Any CPU.Build.0 = Release|Any CPU
		{8EBB57C6-8F6A-4936-85B0-77DC95CBA322}.Debug|Any CPU.ActiveCfg = Debug|Any CPU
		{8EBB57C6-8F6A-4936-85B0-77DC95CBA322}.Debug|Any CPU.Build.0 = Debug|Any CPU
		{8EBB57C6-8F6A-4936-85B0-77DC95CBA322}.Release|Any CPU.ActiveCfg = Release|Any CPU
		{8EBB57C6-8F6A-4936-85B0-77DC95CBA322}.Release|Any CPU.Build.0 = Release|Any CPU
	EndGlobalSection
	GlobalSection(SolutionProperties) = preSolution
		HideSolutionNode = FALSE
	EndGlobalSection
	GlobalSection(ExtensibilityGlobals) = postSolution
		SolutionGuid = {56F4C2CF-5F46-46BC-BDA6-DB7FF0CFC9E2}
	EndGlobalSection
EndGlobal
